<Solution>
  <Project Path="DivideConqure/DivideConqure.csproj" Id="6b48c353-a89d-4a36-9eee-918c439252da" />
  <Project Path="ThreadConcept/ThreadConcept.csproj" />
  <Project Path="WebServerAssigmentQuestion/WebServerAssigmentQuestion.csproj" Id="bdf629ae-bbf2-44b1-a4a2-b857eb58b0f5" />
  <Project Path="WinFormsApp1/WinFormsApp1.csproj" Id="34e11613-fcba-41ee-812c-d783eb3cf313" />
</Solution>
